
Microsoft Visual Studio Solution File, Format Version 12.00
# Visual Studio Version 17
VisualStudioVersion = 17.4.33213.308
MinimumVisualStudioVersion = 10.0.40219.1
Project("{FAE04EC0-301F-11D3-BF4B-00C04F79EFBC}") = "ExcelWriteAndMerge", "ExcelWriteAndMerge.csproj", "{12BD7EE2-4714-4FB5-9474-51DD70366698}"
EndProject
Global
	GlobalSection(SolutionConfigurationPlatforms) = preSolution
		Debug|Any CPU = Debug|Any CPU
		Release|Any CPU = Release|Any CPU
	EndGlobalSection
	GlobalSection(ProjectConfigurationPlatforms) = postSolution
		{12BD7EE2-4714-4FB5-9474-51DD70366698}.Debug|Any CPU.ActiveCfg = Debug|Any CPU
		{12BD7EE2-4714-4FB5-9474-51DD70366698}.Debug|Any CPU.Build.0 = Debug|Any CPU
		{12BD7EE2-4714-4FB5-9474-51DD70366698}.Release|Any CPU.ActiveCfg = Release|Any CPU
		{12BD7EE2-4714-4FB5-9474-51DD70366698}.Release|Any CPU.Build.0 = Release|Any CPU
	EndGlobalSection
	GlobalSection(SolutionProperties) = preSolution
		HideSolutionNode = FALSE
	EndGlobalSection
	GlobalSection(ExtensibilityGlobals) = postSolution
		SolutionGuid = {59DB3DC3-A24B-47BE-8046-3BEBF9B3331E}
	EndGlobalSection
EndGlobal
